lockfileVersion: '9.0'

settings:
  autoInstallPeers: true
  excludeLinksFromLockfile: false

importers:

  .:
    dependencies:
      '@fontsource/open-sans':
        specifier: 5.2.7
        version: 5.2.7
      reveal.js:
        specifier: 5.2.1
        version: 5.2.1
    devDependencies:
      prettier:
        specifier: 3.6.2
        version: 3.6.2

packages:

  '@fontsource/open-sans@5.2.7':
    resolution: {integrity: sha512-8yfgDYjE5O0vmTPdrcjV35y4yMnctsokmi9gN49Gcsr0sjzkMkR97AnKDe6OqZh2SFkYlR28fxOvi21bYEgMSw==}

  prettier@3.6.2:
    resolution: {integrity: sha512-I7AIg5boAr5R0FFtJ6rCfD+LFsWHp81dolrFD8S79U9tb8Az2nGrJncnMSnys+bpQJfRUzqs9hnA81OAA3hCuQ==}
    engines: {node: '>=14'}
    hasBin: true

  reveal.js@5.2.1:
    resolution: {integrity: sha512-r7//6mIM5p34hFiDMvYfXgyjXqGRta+/psd9YtytsgRlrpRzFv4RbH76TXd2qD+7ZPZEbpBDhdRhJaFgfQ7zNQ==}
    engines: {node: '>=18.0.0'}

snapshots:

  '@fontsource/open-sans@5.2.7': {}

  prettier@3.6.2: {}

  reveal.js@5.2.1: {}
