{
  "name": "some-project",
  "version": "1.0.0",
  "lockfileVersion": 3,
  "requires": true,
  "packages": {
    "": {
      "name": "some-project",
      "version": "1.0.0",
      "dependencies": {
        "is-even": "file:../is-even"
      }
    },
    "../is-even": {
      "version": "1.0.0"
    },
    "node_modules/is-even": {
      "resolved": "../is-even",
      "link": true
    }
  }
}
